
Microsoft Visual Studio Solution File, Format Version 12.00
Project("{FAE04EC0-301F-11D3-BF4B-00C04F79EFBC}") = "Weather", "Weather\Weather\Weather.csproj", "{970FA41C-0BA1-48F9-9CA0-DF744015ADA2}"
EndProject
Project("{FAE04EC0-301F-11D3-BF4B-00C04F79EFBC}") = "Weather.Android", "Weather\Weather.Android\Weather.Android.csproj", "{6ED41018-C1E6-4F2C-9AE8-3E8AE9F52545}"
EndProject
Project("{FAE04EC0-301F-11D3-BF4B-00C04F79EFBC}") = "Weather.iOS", "Weather\Weather.iOS\Weather.iOS.csproj", "{0196CABC-7C47-431B-BCD3-9A4FCDE9720C}"
EndProject
Global
	GlobalSection(SolutionConfigurationPlatforms) = preSolution
		Ad-Hoc|iPhone = Ad-Hoc|iPhone
		AppStore|iPhone = AppStore|iPhone
		Debug|Any CPU = Debug|Any CPU
		Debug|iPhone = Debug|iPhone
		Debug|iPhoneSimulator = Debug|iPhoneSimulator
		Release|Any CPU = Release|Any CPU
		Release|iPhone = Release|iPhone
		Release|iPhoneSimulator = Release|iPhoneSimulator
	EndGlobalSection
	GlobalSection(ProjectConfigurationPlatforms) = postSolution
		{970FA41C-0BA1-48F9-9CA0-DF744015ADA2}.Ad-Hoc|iPhone.ActiveCfg = Debug|Any CPU
		{970FA41C-0BA1-48F9-9CA0-DF744015ADA2}.Ad-Hoc|iPhone.Build.0 = Debug|Any CPU
		{970FA41C-0BA1-48F9-9CA0-DF744015ADA2}.AppStore|iPhone.ActiveCfg = Debug|Any CPU
		{970FA41C-0BA1-48F9-9CA0-DF744015ADA2}.AppStore|iPhone.Build.0 = Debug|Any CPU
		{970FA41C-0BA1-48F9-9CA0-DF744015ADA2}.Debug|Any CPU.ActiveCfg = Debug|Any CPU
		{970FA41C-0BA1-48F9-9CA0-DF744015ADA2}.Debug|Any CPU.Build.0 = Debug|Any CPU
		{970FA41C-0BA1-48F9-9CA0-DF744015ADA2}.Debug|iPhone.ActiveCfg = Debug|Any CPU
		{970FA41C-0BA1-48F9-9CA0-DF744015ADA2}.Debug|iPhone.Build.0 = Debug|Any CPU
		{970FA41C-0BA1-48F9-9CA0-DF744015ADA2}.Debug|iPhoneSimulator.ActiveCfg = Debug|Any CPU
		{970FA41C-0BA1-48F9-9CA0-DF744015ADA2}.Debug|iPhoneSimulator.Build.0 = Debug|Any CPU
		{970FA41C-0BA1-48F9-9CA0-DF744015ADA2}.Release|Any CPU.ActiveCfg = Release|Any CPU
		{970FA41C-0BA1-48F9-9CA0-DF744015ADA2}.Release|Any CPU.Build.0 = Release|Any CPU
		{970FA41C-0BA1-48F9-9CA0-DF744015ADA2}.Release|iPhone.ActiveCfg = Release|Any CPU
		{970FA41C-0BA1-48F9-9CA0-DF744015ADA2}.Release|iPhone.Build.0 = Release|Any CPU
		{970FA41C-0BA1-48F9-9CA0-DF744015ADA2}.Release|iPhoneSimulator.ActiveCfg = Release|Any CPU
		{970FA41C-0BA1-48F9-9CA0-DF744015ADA2}.Release|iPhoneSimulator.Build.0 = Release|Any CPU
		{6ED41018-C1E6-4F2C-9AE8-3E8AE9F52545}.Ad-Hoc|iPhone.ActiveCfg = Debug|Any CPU
		{6ED41018-C1E6-4F2C-9AE8-3E8AE9F52545}.Ad-Hoc|iPhone.Build.0 = Debug|Any CPU
		{6ED41018-C1E6-4F2C-9AE8-3E8AE9F52545}.Ad-Hoc|iPhone.Deploy.0 = Debug|Any CPU
		{6ED41018-C1E6-4F2C-9AE8-3E8AE9F52545}.AppStore|iPhone.ActiveCfg = Debug|Any CPU
		{6ED41018-C1E6-4F2C-9AE8-3E8AE9F52545}.AppStore|iPhone.Build.0 = Debug|Any CPU
		{6ED41018-C1E6-4F2C-9AE8-3E8AE9F52545}.AppStore|iPhone.Deploy.0 = Debug|Any CPU
		{6ED41018-C1E6-4F2C-9AE8-3E8AE9F52545}.Debug|Any CPU.ActiveCfg = Debug|Any CPU
		{6ED41018-C1E6-4F2C-9AE8-3E8AE9F52545}.Debug|Any CPU.Build.0 = Debug|Any CPU
		{6ED41018-C1E6-4F2C-9AE8-3E8AE9F52545}.Debug|Any CPU.Deploy.0 = Debug|Any CPU
		{6ED41018-C1E6-4F2C-9AE8-3E8AE9F52545}.Debug|iPhone.ActiveCfg = Debug|Any CPU
		{6ED41018-C1E6-4F2C-9AE8-3E8AE9F52545}.Debug|iPhone.Build.0 = Debug|Any CPU
		{6ED41018-C1E6-4F2C-9AE8-3E8AE9F52545}.Debug|iPhone.Deploy.0 = Debug|Any CPU
		{6ED41018-C1E6-4F2C-9AE8-3E8AE9F52545}.Debug|iPhoneSimulator.ActiveCfg = Debug|Any CPU
		{6ED41018-C1E6-4F2C-9AE8-3E8AE9F52545}.Debug|iPhoneSimulator.Build.0 = Debug|Any CPU
		{6ED41018-C1E6-4F2C-9AE8-3E8AE9F52545}.Debug|iPhoneSimulator.Deploy.0 = Debug|Any CPU
		{6ED41018-C1E6-4F2C-9AE8-3E8AE9F52545}.Release|Any CPU.ActiveCfg = Release|Any CPU
		{6ED41018-C1E6-4F2C-9AE8-3E8AE9F52545}.Release|Any CPU.Build.0 = Release|Any CPU
		{6ED41018-C1E6-4F2C-9AE8-3E8AE9F52545}.Release|Any CPU.Deploy.0 = Release|Any CPU
		{6ED41018-C1E6-4F2C-9AE8-3E8AE9F52545}.Release|iPhone.ActiveCfg = Release|Any CPU
		{6ED41018-C1E6-4F2C-9AE8-3E8AE9F52545}.Release|iPhone.Build.0 = Release|Any CPU
		{6ED41018-C1E6-4F2C-9AE8-3E8AE9F52545}.Release|iPhone.Deploy.0 = Release|Any CPU
		{6ED41018-C1E6-4F2C-9AE8-3E8AE9F52545}.Release|iPhoneSimulator.ActiveCfg = Release|Any CPU
		{6ED41018-C1E6-4F2C-9AE8-3E8AE9F52545}.Release|iPhoneSimulator.Build.0 = Release|Any CPU
		{6ED41018-C1E6-4F2C-9AE8-3E8AE9F52545}.Release|iPhoneSimulator.Deploy.0 = Release|Any CPU
		{0196CABC-7C47-431B-BCD3-9A4FCDE9720C}.Ad-Hoc|iPhone.ActiveCfg = Ad-Hoc|iPhone
		{0196CABC-7C47-431B-BCD3-9A4FCDE9720C}.Ad-Hoc|iPhone.Build.0 = Ad-Hoc|iPhone
		{0196CABC-7C47-431B-BCD3-9A4FCDE9720C}.Ad-Hoc|iPhone.Deploy.0 = Ad-Hoc|iPhone
		{0196CABC-7C47-431B-BCD3-9A4FCDE9720C}.AppStore|iPhone.ActiveCfg = AppStore|iPhone
		{0196CABC-7C47-431B-BCD3-9A4FCDE9720C}.AppStore|iPhone.Build.0 = AppStore|iPhone
		{0196CABC-7C47-431B-BCD3-9A4FCDE9720C}.AppStore|iPhone.Deploy.0 = AppStore|iPhone
		{0196CABC-7C47-431B-BCD3-9A4FCDE9720C}.Debug|Any CPU.ActiveCfg = Debug|iPhoneSimulator
		{0196CABC-7C47-431B-BCD3-9A4FCDE9720C}.Debug|Any CPU.Build.0 = Debug|iPhoneSimulator
		{0196CABC-7C47-431B-BCD3-9A4FCDE9720C}.Debug|Any CPU.Deploy.0 = Debug|iPhoneSimulator
		{0196CABC-7C47-431B-BCD3-9A4FCDE9720C}.Debug|iPhone.ActiveCfg = Debug|iPhone
		{0196CABC-7C47-431B-BCD3-9A4FCDE9720C}.Debug|iPhone.Build.0 = Debug|iPhone
		{0196CABC-7C47-431B-BCD3-9A4FCDE9720C}.Debug|iPhone.Deploy.0 = Debug|iPhone
		{0196CABC-7C47-431B-BCD3-9A4FCDE9720C}.Debug|iPhoneSimulator.ActiveCfg = Debug|iPhoneSimulator
		{0196CABC-7C47-431B-BCD3-9A4FCDE9720C}.Debug|iPhoneSimulator.Build.0 = Debug|iPhoneSimulator
		{0196CABC-7C47-431B-BCD3-9A4FCDE9720C}.Debug|iPhoneSimulator.Deploy.0 = Debug|iPhoneSimulator
		{0196CABC-7C47-431B-BCD3-9A4FCDE9720C}.Release|Any CPU.ActiveCfg = Release|iPhoneSimulator
		{0196CABC-7C47-431B-BCD3-9A4FCDE9720C}.Release|Any CPU.Build.0 = Release|iPhoneSimulator
		{0196CABC-7C47-431B-BCD3-9A4FCDE9720C}.Release|Any CPU.Deploy.0 = Release|iPhoneSimulator
		{0196CABC-7C47-431B-BCD3-9A4FCDE9720C}.Release|iPhone.ActiveCfg = Release|iPhone
		{0196CABC-7C47-431B-BCD3-9A4FCDE9720C}.Release|iPhone.Build.0 = Release|iPhone
		{0196CABC-7C47-431B-BCD3-9A4FCDE9720C}.Release|iPhone.Deploy.0 = Release|iPhone
		{0196CABC-7C47-431B-BCD3-9A4FCDE9720C}.Release|iPhoneSimulator.ActiveCfg = Release|iPhoneSimulator
		{0196CABC-7C47-431B-BCD3-9A4FCDE9720C}.Release|iPhoneSimulator.Build.0 = Release|iPhoneSimulator
		{0196CABC-7C47-431B-BCD3-9A4FCDE9720C}.Release|iPhoneSimulator.Deploy.0 = Release|iPhoneSimulator
	EndGlobalSection
EndGlobal
